
Microsoft Visual Studio Solution File, Format Version 10.00
# Visual Studio 2008
Project("{D183A3D8-5FD8-494B-B014-37F57B35E655}") = "Koffie", "Koffie\Koffie.dtproj", "{8A96BF63-9BFB-4545-8E9B-57DA58968DC0}"
EndProject
Global
	GlobalSection(SolutionConfigurationPlatforms) = preSolution
		Development|Default = Development|Default
	EndGlobalSection
	GlobalSection(ProjectConfigurationPlatforms) = postSolution
		{8A96BF63-9BFB-4545-8E9B-57DA58968DC0}.Development|Default.ActiveCfg = Development
		{8A96BF63-9BFB-4545-8E9B-57DA58968DC0}.Development|Default.Build.0 = Development
	EndGlobalSection
	GlobalSection(SolutionProperties) = preSolution
		HideSolutionNode = FALSE
	EndGlobalSection
EndGlobal
